// !$*UTF8*$!
{
	archiveVersion = 1;
	classes = {
	};
	objectVersion = 48;
	objects = {

/* Begin PBXBuildFile section */
		441F41A620EDB5F8008054E1 /* View.xib in Resources */ = {isa = PBXBuildFile; fileRef = 441F41A520EDB5F8008054E1 /* View.xib */; };
		441F41A820EDBA32008054E1 /* CustomMKPinAnnotationView.swift in Sources */ = {isa = PBXBuildFile; fileRef = 441F41A720EDBA32008054E1 /* CustomMKPinAnnotationView.swift */; };
		441F41AE20EEC2D4008054E1 /* CircularTransition.swift in Sources */ = {isa = PBXBuildFile; fileRef = 441F41AD20EEC2D4008054E1 /* CircularTransition.swift */; };
		441F41B020EEC68C008054E1 /* MessagesTableVC.swift in Sources */ = {isa = PBXBuildFile; fileRef = 441F41AF20EEC68C008054E1 /* MessagesTableVC.swift */; };
		4439F26A21B24049007D8032 /* EditProfileViewController.swift in Sources */ = {isa = PBXBuildFile; fileRef = 4439F26921B24049007D8032 /* EditProfileViewController.swift */; };
		444C0C0521C8895300360ABC /* AdSupport.framework in Frameworks */ = {isa = PBXBuildFile; fileRef = 444C0C0421C8895200360ABC /* AdSupport.framework */; settings = {ATTRIBUTES = (Required, ); }; };
		4477D36D22017E3B0028A8F2 /* ChatLogController.swift in Sources */ = {isa = PBXBuildFile; fileRef = 4477D36C22017E3B0028A8F2 /* ChatLogController.swift */; };
		4482503622F3FC1300D7B00E /* ProfileViewController.swift in Sources */ = {isa = PBXBuildFile; fileRef = 4482503522F3FC1300D7B00E /* ProfileViewController.swift */; };
		4490DB8F21F92B3A006112F2 /* CheckInternet.swift in Sources */ = {isa = PBXBuildFile; fileRef = 4490DB8E21F92B3A006112F2 /* CheckInternet.swift */; };
		4497E5E820F4522B00639101 /* User.swift in Sources */ = {isa = PBXBuildFile; fileRef = 4497E5E720F4522B00639101 /* User.swift */; };
		4497E5EB20F464E800639101 /* Message.swift in Sources */ = {isa = PBXBuildFile; fileRef = 4497E5EA20F464E800639101 /* Message.swift */; };
		4497E5EE20F4664C00639101 /* ProfileTableView.swift in Sources */ = {isa = PBXBuildFile; fileRef = 4497E5ED20F4664C00639101 /* ProfileTableView.swift */; };
		4497E5F020F4671F00639101 /* TableViewCellForObserveMsg.swift in Sources */ = {isa = PBXBuildFile; fileRef = 4497E5EF20F4671F00639101 /* TableViewCellForObserveMsg.swift */; };
		4497E5F220F46C8600639101 /* ChatLogControllerProgrammatically.swift in Sources */ = {isa = PBXBuildFile; fileRef = 4497E5F120F46C8600639101 /* ChatLogControllerProgrammatically.swift */; };
		4497E5F420F46CD500639101 /* ChatLogControllerCell.swift in Sources */ = {isa = PBXBuildFile; fileRef = 4497E5F320F46CD500639101 /* ChatLogControllerCell.swift */; };
		449B78E122B5EA7100CDF563 /* GoogleService-Info.plist in Resources */ = {isa = PBXBuildFile; fileRef = 449B78E022B5EA7100CDF563 /* GoogleService-Info.plist */; };
		44A6503B21EAFAFC009385E1 /* Roboto-Medium.ttf in Resources */ = {isa = PBXBuildFile; fileRef = 44A6502F21EAFAFB009385E1 /* Roboto-Medium.ttf */; };
		44A6503C21EAFAFC009385E1 /* Roboto-Regular.ttf in Resources */ = {isa = PBXBuildFile; fileRef = 44A6503021EAFAFB009385E1 /* Roboto-Regular.ttf */; };
		44A6503D21EAFAFC009385E1 /* Roboto-MediumItalic.ttf in Resources */ = {isa = PBXBuildFile; fileRef = 44A6503121EAFAFB009385E1 /* Roboto-MediumItalic.ttf */; };
		44A6503E21EAFAFC009385E1 /* Roboto-ThinItalic.ttf in Resources */ = {isa = PBXBuildFile; fileRef = 44A6503221EAFAFB009385E1 /* Roboto-ThinItalic.ttf */; };
		44A6503F21EAFAFC009385E1 /* Roboto-Thin.ttf in Resources */ = {isa = PBXBuildFile; fileRef = 44A6503321EAFAFB009385E1 /* Roboto-Thin.ttf */; };
		44A6504021EAFAFC009385E1 /* Roboto-BlackItalic.ttf in Resources */ = {isa = PBXBuildFile; fileRef = 44A6503421EAFAFB009385E1 /* Roboto-BlackItalic.ttf */; };
		44A6504121EAFAFC009385E1 /* Roboto-Bold.ttf in Resources */ = {isa = PBXBuildFile; fileRef = 44A6503521EAFAFB009385E1 /* Roboto-Bold.ttf */; };
		44A6504221EAFAFC009385E1 /* Roboto-Black.ttf in Resources */ = {isa = PBXBuildFile; fileRef = 44A6503621EAFAFC009385E1 /* Roboto-Black.ttf */; };
		44A6504321EAFAFC009385E1 /* Roboto-Light.ttf in Resources */ = {isa = PBXBuildFile; fileRef = 44A6503721EAFAFC009385E1 /* Roboto-Light.ttf */; };
		44A6504421EAFAFC009385E1 /* Roboto-Italic.ttf in Resources */ = {isa = PBXBuildFile; fileRef = 44A6503821EAFAFC009385E1 /* Roboto-Italic.ttf */; };
		44A6504521EAFAFC009385E1 /* Roboto-LightItalic.ttf in Resources */ = {isa = PBXBuildFile; fileRef = 44A6503921EAFAFC009385E1 /* Roboto-LightItalic.ttf */; };
		44A6504621EAFAFC009385E1 /* Roboto-BoldItalic.ttf in Resources */ = {isa = PBXBuildFile; fileRef = 44A6503A21EAFAFC009385E1 /* Roboto-BoldItalic.ttf */; };
		44A6505C21EC7399009385E1 /* CardViewController.swift in Sources */ = {isa = PBXBuildFile; fileRef = 44A6505A21EC7399009385E1 /* CardViewController.swift */; };
		44A6505D21EC7399009385E1 /* CardViewController.xib in Resources */ = {isa = PBXBuildFile; fileRef = 44A6505B21EC7399009385E1 /* CardViewController.xib */; };
		44C026D422F0464D00A1A99C /* Montserrat-Black.ttf in Resources */ = {isa = PBXBuildFile; fileRef = 44C026C322F0462E00A1A99C /* Montserrat-Black.ttf */; };
		44C026D522F0465400A1A99C /* Montserrat-BlackItalic.ttf in Resources */ = {isa = PBXBuildFile; fileRef = 44C026C722F0462F00A1A99C /* Montserrat-BlackItalic.ttf */; };
		44C026D622F0465400A1A99C /* Montserrat-Bold.ttf in Resources */ = {isa = PBXBuildFile; fileRef = 44C026C522F0462E00A1A99C /* Montserrat-Bold.ttf */; };
		44C026D722F0465400A1A99C /* Montserrat-BoldItalic.ttf in Resources */ = {isa = PBXBuildFile; fileRef = 44C026BF22F0462E00A1A99C /* Montserrat-BoldItalic.ttf */; };
		44C026D822F0465400A1A99C /* Montserrat-ExtraBold.ttf in Resources */ = {isa = PBXBuildFile; fileRef = 44C026C022F0462E00A1A99C /* Montserrat-ExtraBold.ttf */; };
		44C026D922F0465400A1A99C /* Montserrat-ExtraBoldItalic.ttf in Resources */ = {isa = PBXBuildFile; fileRef = 44C026C122F0462E00A1A99C /* Montserrat-ExtraBoldItalic.ttf */; };
		44C026DA22F0465400A1A99C /* Montserrat-ExtraLight.ttf in Resources */ = {isa = PBXBuildFile; fileRef = 44C026BE22F0462D00A1A99C /* Montserrat-ExtraLight.ttf */; };
		44C026DB22F0465400A1A99C /* Montserrat-ExtraLightItalic.ttf in Resources */ = {isa = PBXBuildFile; fileRef = 44C026B922F0462D00A1A99C /* Montserrat-ExtraLightItalic.ttf */; };
		44C026DC22F0465400A1A99C /* Montserrat-Light.ttf in Resources */ = {isa = PBXBuildFile; fileRef = 44C026BC22F0462D00A1A99C /* Montserrat-Light.ttf */; };
		44C026DD22F0465400A1A99C /* Montserrat-LightItalic.ttf in Resources */ = {isa = PBXBuildFile; fileRef = 44C026B822F0462D00A1A99C /* Montserrat-LightItalic.ttf */; };
		44C026DE22F0465400A1A99C /* Montserrat-Medium.ttf in Resources */ = {isa = PBXBuildFile; fileRef = 44C026C422F0462E00A1A99C /* Montserrat-Medium.ttf */; };
		44C026DF22F0465400A1A99C /* Montserrat-MediumItalic.ttf in Resources */ = {isa = PBXBuildFile; fileRef = 44C026C222F0462E00A1A99C /* Montserrat-MediumItalic.ttf */; };
		44C026E022F0465400A1A99C /* Montserrat-Regular.ttf in Resources */ = {isa = PBXBuildFile; fileRef = 44C026BA22F0462D00A1A99C /* Montserrat-Regular.ttf */; };
		44C026E122F0465400A1A99C /* Montserrat-RegularItalic.ttf in Resources */ = {isa = PBXBuildFile; fileRef = 44C026BD22F0462D00A1A99C /* Montserrat-RegularItalic.ttf */; };
		44C026E222F0465400A1A99C /* Montserrat-SemiBold.ttf in Resources */ = {isa = PBXBuildFile; fileRef = 44C026C622F0462E00A1A99C /* Montserrat-SemiBold.ttf */; };
		44C026E322F0465400A1A99C /* Montserrat-SemiBoldItalic.ttf in Resources */ = {isa = PBXBuildFile; fileRef = 44C026C822F0462F00A1A99C /* Montserrat-SemiBoldItalic.ttf */; };
		44C026E422F0465400A1A99C /* Montserrat-Thin.ttf in Resources */ = {isa = PBXBuildFile; fileRef = 44C026BB22F0462D00A1A99C /* Montserrat-Thin.ttf */; };
		44C026E522F0465400A1A99C /* Montserrat-ThinItalic.ttf in Resources */ = {isa = PBXBuildFile; fileRef = 44C026C922F0462F00A1A99C /* Montserrat-ThinItalic.ttf */; };
		44C026E622F0465400A1A99C /* OpenSans-Bold.ttf in Resources */ = {isa = PBXBuildFile; fileRef = 44C026CD22F0463A00A1A99C /* OpenSans-Bold.ttf */; };
		44C026E722F0465400A1A99C /* OpenSans-BoldItalic.ttf in Resources */ = {isa = PBXBuildFile; fileRef = 44C026CA22F0463A00A1A99C /* OpenSans-BoldItalic.ttf */; };
		44C026E822F0465400A1A99C /* OpenSans-ExtraBold.ttf in Resources */ = {isa = PBXBuildFile; fileRef = 44C026CB22F0463A00A1A99C /* OpenSans-ExtraBold.ttf */; };
		44C026E922F0465400A1A99C /* OpenSans-ExtraBoldItalic.ttf in Resources */ = {isa = PBXBuildFile; fileRef = 44C026D222F0463B00A1A99C /* OpenSans-ExtraBoldItalic.ttf */; };
		44C026EA22F0465400A1A99C /* OpenSans-Light.ttf in Resources */ = {isa = PBXBuildFile; fileRef = 44C026D322F0463B00A1A99C /* OpenSans-Light.ttf */; };
		44C026EB22F0465400A1A99C /* OpenSans-LightItalic.ttf in Resources */ = {isa = PBXBuildFile; fileRef = 44C026D122F0463B00A1A99C /* OpenSans-LightItalic.ttf */; };
		44C026EC22F0465400A1A99C /* OpenSans-Regular.ttf in Resources */ = {isa = PBXBuildFile; fileRef = 44C026CE22F0463A00A1A99C /* OpenSans-Regular.ttf */; };
		44C026ED22F0465400A1A99C /* OpenSans-RegularItalic.ttf in Resources */ = {isa = PBXBuildFile; fileRef = 44C026CF22F0463A00A1A99C /* OpenSans-RegularItalic.ttf */; };
		44C026EE22F0465400A1A99C /* OpenSans-SemiBold.ttf in Resources */ = {isa = PBXBuildFile; fileRef = 44C026D022F0463A00A1A99C /* OpenSans-SemiBold.ttf */; };
		44C026EF22F0465400A1A99C /* OpenSans-SemiBoldItalic.ttf in Resources */ = {isa = PBXBuildFile; fileRef = 44C026CC22F0463A00A1A99C /* OpenSans-SemiBoldItalic.ttf */; };
		44C2F39C22F0631200ABF6F9 /* FirstRegisterController.swift in Sources */ = {isa = PBXBuildFile; fileRef = 44C2F39B22F0631100ABF6F9 /* FirstRegisterController.swift */; };
		44C57BF920B8DE8700DB82D7 /* AppDelegate.swift in Sources */ = {isa = PBXBuildFile; fileRef = 44C57BF820B8DE8700DB82D7 /* AppDelegate.swift */; };
		44C57BFE20B8DE8700DB82D7 /* Main.storyboard in Resources */ = {isa = PBXBuildFile; fileRef = 44C57BFC20B8DE8700DB82D7 /* Main.storyboard */; };
		44C57C0020B8DE8700DB82D7 /* Assets.xcassets in Resources */ = {isa = PBXBuildFile; fileRef = 44C57BFF20B8DE8700DB82D7 /* Assets.xcassets */; };
		44C57C0320B8DE8700DB82D7 /* LaunchScreen.storyboard in Resources */ = {isa = PBXBuildFile; fileRef = 44C57C0120B8DE8700DB82D7 /* LaunchScreen.storyboard */; };
		44C57C0D20B8E92E00DB82D7 /* LoginController.swift in Sources */ = {isa = PBXBuildFile; fileRef = 44C57C0C20B8E92E00DB82D7 /* LoginController.swift */; };
		44C57C1120B8EFD800DB82D7 /* Extension.swift in Sources */ = {isa = PBXBuildFile; fileRef = 44C57C1020B8EFD800DB82D7 /* Extension.swift */; };
		44C57C1320B8F00A00DB82D7 /* RegisterController.swift in Sources */ = {isa = PBXBuildFile; fileRef = 44C57C1220B8F00A00DB82D7 /* RegisterController.swift */; };
		44D5C2DB21FFA26E008B3FF1 /* NewTableViewCell.swift in Sources */ = {isa = PBXBuildFile; fileRef = 44D5C2DA21FFA26E008B3FF1 /* NewTableViewCell.swift */; };
		44D5C2DD21FFA473008B3FF1 /* NewProfileTableViewVC.swift in Sources */ = {isa = PBXBuildFile; fileRef = 44D5C2DC21FFA473008B3FF1 /* NewProfileTableViewVC.swift */; };
		44E94CF721993C5D00D5892F /* Montserrat in Resources */ = {isa = PBXBuildFile; fileRef = 44E94CF621993C5D00D5892F /* Montserrat */; };
		44E94CF921993DF200D5892F /* Roboto in Resources */ = {isa = PBXBuildFile; fileRef = 44E94CF821993DF100D5892F /* Roboto */; };
		44FEB36820CB378100752B79 /* DashboardController.swift in Sources */ = {isa = PBXBuildFile; fileRef = 44FEB36720CB378100752B79 /* DashboardController.swift */; };
		44FEB36A20CB3D6A00752B79 /* Point.swift in Sources */ = {isa = PBXBuildFile; fileRef = 44FEB36920CB3D6A00752B79 /* Point.swift */; };
		44FEB36C20CB434600752B79 /* AnnotationPin.swift in Sources */ = {isa = PBXBuildFile; fileRef = 44FEB36B20CB434600752B79 /* AnnotationPin.swift */; };
		A556EDC1A884E540B5E92839 /* Pods_YogaFit.framework in Frameworks */ = {isa = PBXBuildFile; fileRef = 9CBC6A72AB6094440DE81260 /* Pods_YogaFit.framework */; settings = {ATTRIBUTES = (Required, ); }; };
/* End PBXBuildFile section */

/* Begin PBXFileReference section */
		12C2B966AAB29227879C052A /* Pods-YogaFit.debug.xcconfig */ = {isa = PBXFileReference; includeInIndex = 1; lastKnownFileType = text.xcconfig; name = "Pods-YogaFit.debug.xcconfig"; path = "Pods/Target Support Files/Pods-YogaFit/Pods-YogaFit.debug.xcconfig"; sourceTree = "<group>"; };
		441F41A520EDB5F8008054E1 /* View.xib */ = {isa = PBXFileReference; lastKnownFileType = file.xib; path = View.xib; sourceTree = "<group>"; };
		441F41A720EDBA32008054E1 /* CustomMKPinAnnotationView.swift */ = {isa = PBXFileReference; lastKnownFileType = sourcecode.swift; path = CustomMKPinAnnotationView.swift; sourceTree = "<group>"; };
		441F41AD20EEC2D4008054E1 /* CircularTransition.swift */ = {isa = PBXFileReference; lastKnownFileType = sourcecode.swift; path = CircularTransition.swift; sourceTree = "<group>"; };
		441F41AF20EEC68C008054E1 /* MessagesTableVC.swift */ = {isa = PBXFileReference; lastKnownFileType = sourcecode.swift; path = MessagesTableVC.swift; sourceTree = "<group>"; };
		4439F26921B24049007D8032 /* EditProfileViewController.swift */ = {isa = PBXFileReference; lastKnownFileType = sourcecode.swift; path = EditProfileViewController.swift; sourceTree = "<group>"; };
		444C0C0421C8895200360ABC /* AdSupport.framework */ = {isa = PBXFileReference; lastKnownFileType = wrapper.framework; name = AdSupport.framework; path = System/Library/Frameworks/AdSupport.framework; sourceTree = SDKROOT; };
		4477D36C22017E3B0028A8F2 /* ChatLogController.swift */ = {isa = PBXFileReference; lastKnownFileType = sourcecode.swift; path = ChatLogController.swift; sourceTree = "<group>"; };
		4482503522F3FC1300D7B00E /* ProfileViewController.swift */ = {isa = PBXFileReference; lastKnownFileType = sourcecode.swift; name = ProfileViewController.swift; path = Controllers/ProfileViewController.swift; sourceTree = SOURCE_ROOT; };
		4490DB8E21F92B3A006112F2 /* CheckInternet.swift */ = {isa = PBXFileReference; lastKnownFileType = sourcecode.swift; path = CheckInternet.swift; sourceTree = "<group>"; };
		4497E5E720F4522B00639101 /* User.swift */ = {isa = PBXFileReference; lastKnownFileType = sourcecode.swift; path = User.swift; sourceTree = "<group>"; };
		4497E5EA20F464E800639101 /* Message.swift */ = {isa = PBXFileReference; lastKnownFileType = sourcecode.swift; path = Message.swift; sourceTree = "<group>"; };
		4497E5ED20F4664C00639101 /* ProfileTableView.swift */ = {isa = PBXFileReference; lastKnownFileType = sourcecode.swift; path = ProfileTableView.swift; sourceTree = "<group>"; };
		4497E5EF20F4671F00639101 /* TableViewCellForObserveMsg.swift */ = {isa = PBXFileReference; lastKnownFileType = sourcecode.swift; path = TableViewCellForObserveMsg.swift; sourceTree = "<group>"; };
		4497E5F120F46C8600639101 /* ChatLogControllerProgrammatically.swift */ = {isa = PBXFileReference; lastKnownFileType = sourcecode.swift; path = ChatLogControllerProgrammatically.swift; sourceTree = "<group>"; };
		4497E5F320F46CD500639101 /* ChatLogControllerCell.swift */ = {isa = PBXFileReference; lastKnownFileType = sourcecode.swift; path = ChatLogControllerCell.swift; sourceTree = "<group>"; };
		449B78E022B5EA7100CDF563 /* GoogleService-Info.plist */ = {isa = PBXFileReference; fileEncoding = 4; lastKnownFileType = text.plist.xml; path = "GoogleService-Info.plist"; sourceTree = "<group>"; };
		44A6502F21EAFAFB009385E1 /* Roboto-Medium.ttf */ = {isa = PBXFileReference; lastKnownFileType = file; name = "Roboto-Medium.ttf"; path = "Roboto/Roboto-Medium.ttf"; sourceTree = SOURCE_ROOT; };
		44A6503021EAFAFB009385E1 /* Roboto-Regular.ttf */ = {isa = PBXFileReference; lastKnownFileType = file; name = "Roboto-Regular.ttf"; path = "Roboto/Roboto-Regular.ttf"; sourceTree = SOURCE_ROOT; };
		44A6503121EAFAFB009385E1 /* Roboto-MediumItalic.ttf */ = {isa = PBXFileReference; lastKnownFileType = file; name = "Roboto-MediumItalic.ttf"; path = "Roboto/Roboto-MediumItalic.ttf"; sourceTree = SOURCE_ROOT; };
		44A6503221EAFAFB009385E1 /* Roboto-ThinItalic.ttf */ = {isa = PBXFileReference; lastKnownFileType = file; name = "Roboto-ThinItalic.ttf"; path = "Roboto/Roboto-ThinItalic.ttf"; sourceTree = SOURCE_ROOT; };
		44A6503321EAFAFB009385E1 /* Roboto-Thin.ttf */ = {isa = PBXFileReference; lastKnownFileType = file; name = "Roboto-Thin.ttf"; path = "Roboto/Roboto-Thin.ttf"; sourceTree = SOURCE_ROOT; };
		44A6503421EAFAFB009385E1 /* Roboto-BlackItalic.ttf */ = {isa = PBXFileReference; lastKnownFileType = file; name = "Roboto-BlackItalic.ttf"; path = "Roboto/Roboto-BlackItalic.ttf"; sourceTree = SOURCE_ROOT; };
		44A6503521EAFAFB009385E1 /* Roboto-Bold.ttf */ = {isa = PBXFileReference; lastKnownFileType = file; name = "Roboto-Bold.ttf"; path = "Roboto/Roboto-Bold.ttf"; sourceTree = SOURCE_ROOT; };
		44A6503621EAFAFC009385E1 /* Roboto-Black.ttf */ = {isa = PBXFileReference; lastKnownFileType = file; name = "Roboto-Black.ttf"; path = "Roboto/Roboto-Black.ttf"; sourceTree = SOURCE_ROOT; };
		44A6503721EAFAFC009385E1 /* Roboto-Light.ttf */ = {isa = PBXFileReference; lastKnownFileType = file; name = "Roboto-Light.ttf"; path = "Roboto/Roboto-Light.ttf"; sourceTree = SOURCE_ROOT; };
		44A6503821EAFAFC009385E1 /* Roboto-Italic.ttf */ = {isa = PBXFileReference; lastKnownFileType = file; name = "Roboto-Italic.ttf"; path = "Roboto/Roboto-Italic.ttf"; sourceTree = SOURCE_ROOT; };
		44A6503921EAFAFC009385E1 /* Roboto-LightItalic.ttf */ = {isa = PBXFileReference; lastKnownFileType = file; name = "Roboto-LightItalic.ttf"; path = "Roboto/Roboto-LightItalic.ttf"; sourceTree = SOURCE_ROOT; };
		44A6503A21EAFAFC009385E1 /* Roboto-BoldItalic.ttf */ = {isa = PBXFileReference; lastKnownFileType = file; name = "Roboto-BoldItalic.ttf"; path = "Roboto/Roboto-BoldItalic.ttf"; sourceTree = SOURCE_ROOT; };
		44A6505A21EC7399009385E1 /* CardViewController.swift */ = {isa = PBXFileReference; lastKnownFileType = sourcecode.swift; path = CardViewController.swift; sourceTree = "<group>"; };
		44A6505B21EC7399009385E1 /* CardViewController.xib */ = {isa = PBXFileReference; lastKnownFileType = file.xib; path = CardViewController.xib; sourceTree = "<group>"; };
		44C026B822F0462D00A1A99C /* Montserrat-LightItalic.ttf */ = {isa = PBXFileReference; lastKnownFileType = file; path = "Montserrat-LightItalic.ttf"; sourceTree = "<group>"; };
		44C026B922F0462D00A1A99C /* Montserrat-ExtraLightItalic.ttf */ = {isa = PBXFileReference; lastKnownFileType = file; path = "Montserrat-ExtraLightItalic.ttf"; sourceTree = "<group>"; };
		44C026BA22F0462D00A1A99C /* Montserrat-Regular.ttf */ = {isa = PBXFileReference; lastKnownFileType = file; path = "Montserrat-Regular.ttf"; sourceTree = "<group>"; };
		44C026BB22F0462D00A1A99C /* Montserrat-Thin.ttf */ = {isa = PBXFileReference; lastKnownFileType = file; path = "Montserrat-Thin.ttf"; sourceTree = "<group>"; };
		44C026BC22F0462D00A1A99C /* Montserrat-Light.ttf */ = {isa = PBXFileReference; lastKnownFileType = file; path = "Montserrat-Light.ttf"; sourceTree = "<group>"; };
		44C026BD22F0462D00A1A99C /* Montserrat-RegularItalic.ttf */ = {isa = PBXFileReference; lastKnownFileType = file; path = "Montserrat-RegularItalic.ttf"; sourceTree = "<group>"; };
		44C026BE22F0462D00A1A99C /* Montserrat-ExtraLight.ttf */ = {isa = PBXFileReference; lastKnownFileType = file; path = "Montserrat-ExtraLight.ttf"; sourceTree = "<group>"; };
		44C026BF22F0462E00A1A99C /* Montserrat-BoldItalic.ttf */ = {isa = PBXFileReference; lastKnownFileType = file; path = "Montserrat-BoldItalic.ttf"; sourceTree = "<group>"; };
		44C026C022F0462E00A1A99C /* Montserrat-ExtraBold.ttf */ = {isa = PBXFileReference; lastKnownFileType = file; path = "Montserrat-ExtraBold.ttf"; sourceTree = "<group>"; };
		44C026C122F0462E00A1A99C /* Montserrat-ExtraBoldItalic.ttf */ = {isa = PBXFileReference; lastKnownFileType = file; path = "Montserrat-ExtraBoldItalic.ttf"; sourceTree = "<group>"; };
		44C026C222F0462E00A1A99C /* Montserrat-MediumItalic.ttf */ = {isa = PBXFileReference; lastKnownFileType = file; path = "Montserrat-MediumItalic.ttf"; sourceTree = "<group>"; };
		44C026C322F0462E00A1A99C /* Montserrat-Black.ttf */ = {isa = PBXFileReference; lastKnownFileType = file; path = "Montserrat-Black.ttf"; sourceTree = "<group>"; };
		44C026C422F0462E00A1A99C /* Montserrat-Medium.ttf */ = {isa = PBXFileReference; lastKnownFileType = file; path = "Montserrat-Medium.ttf"; sourceTree = "<group>"; };
		44C026C522F0462E00A1A99C /* Montserrat-Bold.ttf */ = {isa = PBXFileReference; lastKnownFileType = file; path = "Montserrat-Bold.ttf"; sourceTree = "<group>"; };
		44C026C622F0462E00A1A99C /* Montserrat-SemiBold.ttf */ = {isa = PBXFileReference; lastKnownFileType = file; path = "Montserrat-SemiBold.ttf"; sourceTree = "<group>"; };
		44C026C722F0462F00A1A99C /* Montserrat-BlackItalic.ttf */ = {isa = PBXFileReference; lastKnownFileType = file; path = "Montserrat-BlackItalic.ttf"; sourceTree = "<group>"; };
		44C026C822F0462F00A1A99C /* Montserrat-SemiBoldItalic.ttf */ = {isa = PBXFileReference; lastKnownFileType = file; path = "Montserrat-SemiBoldItalic.ttf"; sourceTree = "<group>"; };
		44C026C922F0462F00A1A99C /* Montserrat-ThinItalic.ttf */ = {isa = PBXFileReference; lastKnownFileType = file; path = "Montserrat-ThinItalic.ttf"; sourceTree = "<group>"; };
		44C026CA22F0463A00A1A99C /* OpenSans-BoldItalic.ttf */ = {isa = PBXFileReference; lastKnownFileType = file; path = "OpenSans-BoldItalic.ttf"; sourceTree = "<group>"; };
		44C026CB22F0463A00A1A99C /* OpenSans-ExtraBold.ttf */ = {isa = PBXFileReference; lastKnownFileType = file; path = "OpenSans-ExtraBold.ttf"; sourceTree = "<group>"; };
		44C026CC22F0463A00A1A99C /* OpenSans-SemiBoldItalic.ttf */ = {isa = PBXFileReference; lastKnownFileType = file; path = "OpenSans-SemiBoldItalic.ttf"; sourceTree = "<group>"; };
		44C026CD22F0463A00A1A99C /* OpenSans-Bold.ttf */ = {isa = PBXFileReference; lastKnownFileType = file; path = "OpenSans-Bold.ttf"; sourceTree = "<group>"; };
		44C026CE22F0463A00A1A99C /* OpenSans-Regular.ttf */ = {isa = PBXFileReference; lastKnownFileType = file; path = "OpenSans-Regular.ttf"; sourceTree = "<group>"; };
		44C026CF22F0463A00A1A99C /* OpenSans-RegularItalic.ttf */ = {isa = PBXFileReference; lastKnownFileType = file; path = "OpenSans-RegularItalic.ttf"; sourceTree = "<group>"; };
		44C026D022F0463A00A1A99C /* OpenSans-SemiBold.ttf */ = {isa = PBXFileReference; lastKnownFileType = file; path = "OpenSans-SemiBold.ttf"; sourceTree = "<group>"; };
		44C026D122F0463B00A1A99C /* OpenSans-LightItalic.ttf */ = {isa = PBXFileReference; lastKnownFileType = file; path = "OpenSans-LightItalic.ttf"; sourceTree = "<group>"; };
		44C026D222F0463B00A1A99C /* OpenSans-ExtraBoldItalic.ttf */ = {isa = PBXFileReference; lastKnownFileType = file; path = "OpenSans-ExtraBoldItalic.ttf"; sourceTree = "<group>"; };
		44C026D322F0463B00A1A99C /* OpenSans-Light.ttf */ = {isa = PBXFileReference; lastKnownFileType = file; path = "OpenSans-Light.ttf"; sourceTree = "<group>"; };
		44C2F39B22F0631100ABF6F9 /* FirstRegisterController.swift */ = {isa = PBXFileReference; fileEncoding = 4; lastKnownFileType = sourcecode.swift; path = FirstRegisterController.swift; sourceTree = "<group>"; };
		44C57BF520B8DE8700DB82D7 /* YogaFit.app */ = {isa = PBXFileReference; explicitFileType = wrapper.application; includeInIndex = 0; path = YogaFit.app; sourceTree = BUILT_PRODUCTS_DIR; };
		44C57BF820B8DE8700DB82D7 /* AppDelegate.swift */ = {isa = PBXFileReference; lastKnownFileType = sourcecode.swift; path = AppDelegate.swift; sourceTree = "<group>"; };
		44C57BFD20B8DE8700DB82D7 /* Base */ = {isa = PBXFileReference; lastKnownFileType = file.storyboard; name = Base; path = Base.lproj/Main.storyboard; sourceTree = "<group>"; };
		44C57BFF20B8DE8700DB82D7 /* Assets.xcassets */ = {isa = PBXFileReference; lastKnownFileType = folder.assetcatalog; path = Assets.xcassets; sourceTree = "<group>"; };
		44C57C0220B8DE8700DB82D7 /* Base */ = {isa = PBXFileReference; lastKnownFileType = file.storyboard; name = Base; path = Base.lproj/LaunchScreen.storyboard; sourceTree = "<group>"; };
		44C57C0420B8DE8700DB82D7 /* Info.plist */ = {isa = PBXFileReference; lastKnownFileType = text.plist.xml; path = Info.plist; sourceTree = "<group>"; };
		44C57C0C20B8E92E00DB82D7 /* LoginController.swift */ = {isa = PBXFileReference; lastKnownFileType = sourcecode.swift; path = LoginController.swift; sourceTree = "<group>"; };
		44C57C1020B8EFD800DB82D7 /* Extension.swift */ = {isa = PBXFileReference; lastKnownFileType = sourcecode.swift; path = Extension.swift; sourceTree = "<group>"; };
		44C57C1220B8F00A00DB82D7 /* RegisterController.swift */ = {isa = PBXFileReference; lastKnownFileType = sourcecode.swift; path = RegisterController.swift; sourceTree = "<group>"; };
		44D5C2DA21FFA26E008B3FF1 /* NewTableViewCell.swift */ = {isa = PBXFileReference; lastKnownFileType = sourcecode.swift; path = NewTableViewCell.swift; sourceTree = "<group>"; };
		44D5C2DC21FFA473008B3FF1 /* NewProfileTableViewVC.swift */ = {isa = PBXFileReference; lastKnownFileType = sourcecode.swift; path = NewProfileTableViewVC.swift; sourceTree = "<group>"; };
		44DECB2F214228B1003D0B4E /* YogaFit.entitlements */ = {isa = PBXFileReference; lastKnownFileType = text.plist.entitlements; path = YogaFit.entitlements; sourceTree = "<group>"; };
		44E94CF621993C5D00D5892F /* Montserrat */ = {isa = PBXFileReference; lastKnownFileType = folder; name = Montserrat; path = YogaFit/Montserrat; sourceTree = SOURCE_ROOT; };
		44E94CF821993DF100D5892F /* Roboto */ = {isa = PBXFileReference; lastKnownFileType = folder; path = Roboto; sourceTree = "<group>"; };
		44FEB36720CB378100752B79 /* DashboardController.swift */ = {isa = PBXFileReference; fileEncoding = 4; lastKnownFileType = sourcecode.swift; path = DashboardController.swift; sourceTree = "<group>"; };
		44FEB36920CB3D6A00752B79 /* Point.swift */ = {isa = PBXFileReference; lastKnownFileType = sourcecode.swift; path = Point.swift; sourceTree = "<group>"; };
		44FEB36B20CB434600752B79 /* AnnotationPin.swift */ = {isa = PBXFileReference; lastKnownFileType = sourcecode.swift; path = AnnotationPin.swift; sourceTree = "<group>"; };
		7C734E04098CE31E729D20BC /* Pods-YogaFit.release.xcconfig */ = {isa = PBXFileReference; includeInIndex = 1; lastKnownFileType = text.xcconfig; name = "Pods-YogaFit.release.xcconfig"; path = "Pods/Target Support Files/Pods-YogaFit/Pods-YogaFit.release.xcconfig"; sourceTree = "<group>"; };
		9CBC6A72AB6094440DE81260 /* Pods_YogaFit.framework */ = {isa = PBXFileReference; explicitFileType = wrapper.framework; includeInIndex = 0; path = Pods_YogaFit.framework; sourceTree = BUILT_PRODUCTS_DIR; };
/* End PBXFileReference section */

/* Begin PBXFrameworksBuildPhase section */
		44C57BF220B8DE8700DB82D7 /* Frameworks */ = {
			isa = PBXFrameworksBuildPhase;
			buildActionMask = 2147483647;
			files = (
				444C0C0521C8895300360ABC /* AdSupport.framework in Frameworks */,
				A556EDC1A884E540B5E92839 /* Pods_YogaFit.framework in Frameworks */,
			);
			runOnlyForDeploymentPostprocessing = 0;
		};
/* End PBXFrameworksBuildPhase section */

/* Begin PBXGroup section */
		4497E5E920F464BA00639101 /* Objects */ = {
			isa = PBXGroup;
			children = (
				4497E5E720F4522B00639101 /* User.swift */,
				4497E5EA20F464E800639101 /* Message.swift */,
				44FEB36920CB3D6A00752B79 /* Point.swift */,
				44FEB36B20CB434600752B79 /* AnnotationPin.swift */,
			);
			path = Objects;
			sourceTree = "<group>";
		};
		4497E5EC20F4660A00639101 /* Messages */ = {
			isa = PBXGroup;
			children = (
				4497E5ED20F4664C00639101 /* ProfileTableView.swift */,
				4497E5EF20F4671F00639101 /* TableViewCellForObserveMsg.swift */,
				4497E5F120F46C8600639101 /* ChatLogControllerProgrammatically.swift */,
				4497E5F320F46CD500639101 /* ChatLogControllerCell.swift */,
				4477D36C22017E3B0028A8F2 /* ChatLogController.swift */,
			);
			path = Messages;
			sourceTree = "<group>";
		};
		44A6502E21EAFAE8009385E1 /* fonts */ = {
			isa = PBXGroup;
			children = (
				44A6503621EAFAFC009385E1 /* Roboto-Black.ttf */,
				44A6503421EAFAFB009385E1 /* Roboto-BlackItalic.ttf */,
				44A6503521EAFAFB009385E1 /* Roboto-Bold.ttf */,
				44A6503A21EAFAFC009385E1 /* Roboto-BoldItalic.ttf */,
				44A6503821EAFAFC009385E1 /* Roboto-Italic.ttf */,
				44A6503721EAFAFC009385E1 /* Roboto-Light.ttf */,
				44A6503921EAFAFC009385E1 /* Roboto-LightItalic.ttf */,
				44A6502F21EAFAFB009385E1 /* Roboto-Medium.ttf */,
				44A6503121EAFAFB009385E1 /* Roboto-MediumItalic.ttf */,
				44A6503021EAFAFB009385E1 /* Roboto-Regular.ttf */,
				44A6503321EAFAFB009385E1 /* Roboto-Thin.ttf */,
				44A6503221EAFAFB009385E1 /* Roboto-ThinItalic.ttf */,
				44C026C322F0462E00A1A99C /* Montserrat-Black.ttf */,
				44C026C722F0462F00A1A99C /* Montserrat-BlackItalic.ttf */,
				44C026C522F0462E00A1A99C /* Montserrat-Bold.ttf */,
				44C026BF22F0462E00A1A99C /* Montserrat-BoldItalic.ttf */,
				44C026C022F0462E00A1A99C /* Montserrat-ExtraBold.ttf */,
				44C026C122F0462E00A1A99C /* Montserrat-ExtraBoldItalic.ttf */,
				44C026BE22F0462D00A1A99C /* Montserrat-ExtraLight.ttf */,
				44C026B922F0462D00A1A99C /* Montserrat-ExtraLightItalic.ttf */,
				44C026BC22F0462D00A1A99C /* Montserrat-Light.ttf */,
				44C026B822F0462D00A1A99C /* Montserrat-LightItalic.ttf */,
				44C026C422F0462E00A1A99C /* Montserrat-Medium.ttf */,
				44C026C222F0462E00A1A99C /* Montserrat-MediumItalic.ttf */,
				44C026BA22F0462D00A1A99C /* Montserrat-Regular.ttf */,
				44C026BD22F0462D00A1A99C /* Montserrat-RegularItalic.ttf */,
				44C026C622F0462E00A1A99C /* Montserrat-SemiBold.ttf */,
				44C026C822F0462F00A1A99C /* Montserrat-SemiBoldItalic.ttf */,
				44C026BB22F0462D00A1A99C /* Montserrat-Thin.ttf */,
				44C026C922F0462F00A1A99C /* Montserrat-ThinItalic.ttf */,
				44C026CD22F0463A00A1A99C /* OpenSans-Bold.ttf */,
				44C026CA22F0463A00A1A99C /* OpenSans-BoldItalic.ttf */,
				44C026CB22F0463A00A1A99C /* OpenSans-ExtraBold.ttf */,
				44C026D222F0463B00A1A99C /* OpenSans-ExtraBoldItalic.ttf */,
				44C026D322F0463B00A1A99C /* OpenSans-Light.ttf */,
				44C026D122F0463B00A1A99C /* OpenSans-LightItalic.ttf */,
				44C026CE22F0463A00A1A99C /* OpenSans-Regular.ttf */,
				44C026CF22F0463A00A1A99C /* OpenSans-RegularItalic.ttf */,
				44C026D022F0463A00A1A99C /* OpenSans-SemiBold.ttf */,
				44C026CC22F0463A00A1A99C /* OpenSans-SemiBoldItalic.ttf */,
			);
			path = fonts;
			sourceTree = "<group>";
		};
		44A6505121EC68FD009385E1 /* cards */ = {
			isa = PBXGroup;
			children = (
				44A6505A21EC7399009385E1 /* CardViewController.swift */,
				44A6505B21EC7399009385E1 /* CardViewController.xib */,
			);
			path = cards;
			sourceTree = "<group>";
		};
		44C57BEC20B8DE8700DB82D7 = {
			isa = PBXGroup;
			children = (
				44A6505121EC68FD009385E1 /* cards */,
				44A6502E21EAFAE8009385E1 /* fonts */,
				4497E5E920F464BA00639101 /* Objects */,
				44C57C0F20B8EFC200DB82D7 /* Helpers */,
				44E94CF821993DF100D5892F /* Roboto */,
				44C57BF720B8DE8700DB82D7 /* YogaFit */,
				44D5C2D921FFA204008B3FF1 /* RedesignMessages */,
				4497E5EC20F4660A00639101 /* Messages */,
				44FD3BF4210062290087F671 /* Login */,
				44C57C0E20B8E9E500DB82D7 /* Controllers */,
				44C57BF620B8DE8700DB82D7 /* Products */,
				99FAF9DFF30507A7CE4A932C /* Pods */,
				DB30A3C4B99C814937A525C3 /* Frameworks */,
			);
			sourceTree = "<group>";
		};
		44C57BF620B8DE8700DB82D7 /* Products */ = {
			isa = PBXGroup;
			children = (
				44C57BF520B8DE8700DB82D7 /* YogaFit.app */,
			);
			name = Products;
			sourceTree = "<group>";
		};
		44C57BF720B8DE8700DB82D7 /* YogaFit */ = {
			isa = PBXGroup;
			children = (
				44E94CF621993C5D00D5892F /* Montserrat */,
				44DECB2F214228B1003D0B4E /* YogaFit.entitlements */,
				44C57BF820B8DE8700DB82D7 /* AppDelegate.swift */,
				44C57BFC20B8DE8700DB82D7 /* Main.storyboard */,
				44C57BFF20B8DE8700DB82D7 /* Assets.xcassets */,
				44C57C0120B8DE8700DB82D7 /* LaunchScreen.storyboard */,
				449B78E022B5EA7100CDF563 /* GoogleService-Info.plist */,
				44C57C0420B8DE8700DB82D7 /* Info.plist */,
			);
			path = YogaFit;
			sourceTree = "<group>";
		};
		44C57C0E20B8E9E500DB82D7 /* Controllers */ = {
			isa = PBXGroup;
			children = (
				4482503522F3FC1300D7B00E /* ProfileViewController.swift */,
				441F41AF20EEC68C008054E1 /* MessagesTableVC.swift */,
				44FEB36720CB378100752B79 /* DashboardController.swift */,
				441F41A520EDB5F8008054E1 /* View.xib */,
				441F41A720EDBA32008054E1 /* CustomMKPinAnnotationView.swift */,
				4439F26921B24049007D8032 /* EditProfileViewController.swift */,
			);
			path = Controllers;
			sourceTree = "<group>";
		};
		44C57C0F20B8EFC200DB82D7 /* Helpers */ = {
			isa = PBXGroup;
			children = (
				441F41AD20EEC2D4008054E1 /* CircularTransition.swift */,
				44C57C1020B8EFD800DB82D7 /* Extension.swift */,
				4490DB8E21F92B3A006112F2 /* CheckInternet.swift */,
			);
			path = Helpers;
			sourceTree = "<group>";
		};
		44D5C2D921FFA204008B3FF1 /* RedesignMessages */ = {
			isa = PBXGroup;
			children = (
				44D5C2DA21FFA26E008B3FF1 /* NewTableViewCell.swift */,
				44D5C2DC21FFA473008B3FF1 /* NewProfileTableViewVC.swift */,
			);
			path = RedesignMessages;
			sourceTree = "<group>";
		};
		44FD3BF4210062290087F671 /* Login */ = {
			isa = PBXGroup;
			children = (
				44C2F39B22F0631100ABF6F9 /* FirstRegisterController.swift */,
				44C57C0C20B8E92E00DB82D7 /* LoginController.swift */,
				44C57C1220B8F00A00DB82D7 /* RegisterController.swift */,
			);
			path = Login;
			sourceTree = "<group>";
		};
		99FAF9DFF30507A7CE4A932C /* Pods */ = {
			isa = PBXGroup;
			children = (
				12C2B966AAB29227879C052A /* Pods-YogaFit.debug.xcconfig */,
				7C734E04098CE31E729D20BC /* Pods-YogaFit.release.xcconfig */,
			);
			name = Pods;
			sourceTree = "<group>";
		};
		DB30A3C4B99C814937A525C3 /* Frameworks */ = {
			isa = PBXGroup;
			children = (
				444C0C0421C8895200360ABC /* AdSupport.framework */,
				9CBC6A72AB6094440DE81260 /* Pods_YogaFit.framework */,
			);
			name = Frameworks;
			sourceTree = "<group>";
		};
/* End PBXGroup section */

/* Begin PBXNativeTarget section */
		44C57BF420B8DE8700DB82D7 /* YogaFit */ = {
			isa = PBXNativeTarget;
			buildConfigurationList = 44C57C0720B8DE8700DB82D7 /* Build configuration list for PBXNativeTarget "YogaFit" */;
			buildPhases = (
				92BA78A5CC81089261D0C825 /* [CP] Check Pods Manifest.lock */,
				44C57BF120B8DE8700DB82D7 /* Sources */,
				44C57BF220B8DE8700DB82D7 /* Frameworks */,
				44C57BF320B8DE8700DB82D7 /* Resources */,
				3E626948D966DFB2511993B7 /* [CP] Embed Pods Frameworks */,
			);
			buildRules = (
			);
			dependencies = (
			);
			name = YogaFit;
			productName = YogaFit;
			productReference = 44C57BF520B8DE8700DB82D7 /* YogaFit.app */;
			productType = "com.apple.product-type.application";
		};
/* End PBXNativeTarget section */

/* Begin PBXProject section */
		44C57BED20B8DE8700DB82D7 /* Project object */ = {
			isa = PBXProject;
			attributes = {
				LastSwiftUpdateCheck = 0920;
				LastUpgradeCheck = 0940;
				ORGANIZATIONNAME = "Eugene Zloba";
				TargetAttributes = {
					44C57BF420B8DE8700DB82D7 = {
						CreatedOnToolsVersion = 9.2;
						ProvisioningStyle = Automatic;
						SystemCapabilities = {
							com.apple.BackgroundModes = {
								enabled = 1;
							};
							com.apple.Keychain = {
								enabled = 0;
							};
							com.apple.Push = {
								enabled = 1;
							};
						};
					};
				};
			};
			buildConfigurationList = 44C57BF020B8DE8700DB82D7 /* Build configuration list for PBXProject "YogaFit" */;
			compatibilityVersion = "Xcode 8.0";
			developmentRegion = en;
			hasScannedForEncodings = 0;
			knownRegions = (
				en,
				Base,
			);
			mainGroup = 44C57BEC20B8DE8700DB82D7;
			productRefGroup = 44C57BF620B8DE8700DB82D7 /* Products */;
			projectDirPath = "";
			projectRoot = "";
			targets = (
				44C57BF420B8DE8700DB82D7 /* YogaFit */,
			);
		};
/* End PBXProject section */

/* Begin PBXResourcesBuildPhase section */
		44C57BF320B8DE8700DB82D7 /* Resources */ = {
			isa = PBXResourcesBuildPhase;
			buildActionMask = 2147483647;
			files = (
				44C026EF22F0465400A1A99C /* OpenSans-SemiBoldItalic.ttf in Resources */,
				44C026D722F0465400A1A99C /* Montserrat-BoldItalic.ttf in Resources */,
				44C026E922F0465400A1A99C /* OpenSans-ExtraBoldItalic.ttf in Resources */,
				44A6504121EAFAFC009385E1 /* Roboto-Bold.ttf in Resources */,
				44C026E822F0465400A1A99C /* OpenSans-ExtraBold.ttf in Resources */,
				44C026E422F0465400A1A99C /* Montserrat-Thin.ttf in Resources */,
				449B78E122B5EA7100CDF563 /* GoogleService-Info.plist in Resources */,
				44C026DC22F0465400A1A99C /* Montserrat-Light.ttf in Resources */,
				44A6503B21EAFAFC009385E1 /* Roboto-Medium.ttf in Resources */,
				44C026DE22F0465400A1A99C /* Montserrat-Medium.ttf in Resources */,
				44C026DA22F0465400A1A99C /* Montserrat-ExtraLight.ttf in Resources */,
				44C026D522F0465400A1A99C /* Montserrat-BlackItalic.ttf in Resources */,
				44A6504221EAFAFC009385E1 /* Roboto-Black.ttf in Resources */,
				44C026E522F0465400A1A99C /* Montserrat-ThinItalic.ttf in Resources */,
				44C026DD22F0465400A1A99C /* Montserrat-LightItalic.ttf in Resources */,
				44C026DF22F0465400A1A99C /* Montserrat-MediumItalic.ttf in Resources */,
				44C57C0320B8DE8700DB82D7 /* LaunchScreen.storyboard in Resources */,
				44C026E722F0465400A1A99C /* OpenSans-BoldItalic.ttf in Resources */,
				44C026E122F0465400A1A99C /* Montserrat-RegularItalic.ttf in Resources */,
				44C026E022F0465400A1A99C /* Montserrat-Regular.ttf in Resources */,
				441F41A620EDB5F8008054E1 /* View.xib in Resources */,
				44C026D622F0465400A1A99C /* Montserrat-Bold.ttf in Resources */,
				44C026EA22F0465400A1A99C /* OpenSans-Light.ttf in Resources */,
				44A6503E21EAFAFC009385E1 /* Roboto-ThinItalic.ttf in Resources */,
				44A6504421EAFAFC009385E1 /* Roboto-Italic.ttf in Resources */,
				44C026EE22F0465400A1A99C /* OpenSans-SemiBold.ttf in Resources */,
				44C026E322F0465400A1A99C /* Montserrat-SemiBoldItalic.ttf in Resources */,
				44C026EC22F0465400A1A99C /* OpenSans-Regular.ttf in Resources */,
				44C026D422F0464D00A1A99C /* Montserrat-Black.ttf in Resources */,
				44C026DB22F0465400A1A99C /* Montserrat-ExtraLightItalic.ttf in Resources */,
				44C026ED22F0465400A1A99C /* OpenSans-RegularItalic.ttf in Resources */,
				44C026E622F0465400A1A99C /* OpenSans-Bold.ttf in Resources */,
				44A6504321EAFAFC009385E1 /* Roboto-Light.ttf in Resources */,
				44A6505D21EC7399009385E1 /* CardViewController.xib in Resources */,
				44E94CF921993DF200D5892F /* Roboto in Resources */,
				44A6504021EAFAFC009385E1 /* Roboto-BlackItalic.ttf in Resources */,
				44C026E222F0465400A1A99C /* Montserrat-SemiBold.ttf in Resources */,
				44C57C0020B8DE8700DB82D7 /* Assets.xcassets in Resources */,
				44A6504621EAFAFC009385E1 /* Roboto-BoldItalic.ttf in Resources */,
				44A6503D21EAFAFC009385E1 /* Roboto-MediumItalic.ttf in Resources */,
				44A6503F21EAFAFC009385E1 /* Roboto-Thin.ttf in Resources */,
				44C026D822F0465400A1A99C /* Montserrat-ExtraBold.ttf in Resources */,
				44C026EB22F0465400A1A99C /* OpenSans-LightItalic.ttf in Resources */,
				44A6504521EAFAFC009385E1 /* Roboto-LightItalic.ttf in Resources */,
				44A6503C21EAFAFC009385E1 /* Roboto-Regular.ttf in Resources */,
				44C57BFE20B8DE8700DB82D7 /* Main.storyboard in Resources */,
				44E94CF721993C5D00D5892F /* Montserrat in Resources */,
				44C026D922F0465400A1A99C /* Montserrat-ExtraBoldItalic.ttf in Resources */,
			);
			runOnlyForDeploymentPostprocessing = 0;
		};
/* End PBXResourcesBuildPhase section */

/* Begin PBXShellScriptBuildPhase section */
		3E626948D966DFB2511993B7 /* [CP] Embed Pods Frameworks */ = {
			isa = PBXShellScriptBuildPhase;
			buildActionMask = 12;
			files = (
			);
			inputPaths = (
				"${PODS_ROOT}/Target Support Files/Pods-YogaFit/Pods-YogaFit-frameworks.sh",
				"${BUILT_PRODUCTS_DIR}/BoringSSL-GRPC/openssl_grpc.framework",
				"${BUILT_PRODUCTS_DIR}/GTMSessionFetcher/GTMSessionFetcher.framework",
				"${BUILT_PRODUCTS_DIR}/GoogleUtilities/GoogleUtilities.framework",
				"${BUILT_PRODUCTS_DIR}/Protobuf/Protobuf.framework",
				"${BUILT_PRODUCTS_DIR}/SkyFloatingLabelTextField/SkyFloatingLabelTextField.framework",
				"${BUILT_PRODUCTS_DIR}/gRPC-C++/grpcpp.framework",
				"${BUILT_PRODUCTS_DIR}/gRPC-Core/grpc.framework",
				"${BUILT_PRODUCTS_DIR}/leveldb-library/leveldb.framework",
				"${BUILT_PRODUCTS_DIR}/nanopb/nanopb.framework",
			);
			name = "[CP] Embed Pods Frameworks";
			outputPaths = (
				"${TARGET_BUILD_DIR}/${FRAMEWORKS_FOLDER_PATH}/openssl_grpc.framework",
				"${TARGET_BUILD_DIR}/${FRAMEWORKS_FOLDER_PATH}/GTMSessionFetcher.framework",
				"${TARGET_BUILD_DIR}/${FRAMEWORKS_FOLDER_PATH}/GoogleUtilities.framework",
				"${TARGET_BUILD_DIR}/${FRAMEWORKS_FOLDER_PATH}/Protobuf.framework",
				"${TARGET_BUILD_DIR}/${FRAMEWORKS_FOLDER_PATH}/SkyFloatingLabelTextField.framework",
				"${TARGET_BUILD_DIR}/${FRAMEWORKS_FOLDER_PATH}/grpcpp.framework",
				"${TARGET_BUILD_DIR}/${FRAMEWORKS_FOLDER_PATH}/grpc.framework",
				"${TARGET_BUILD_DIR}/${FRAMEWORKS_FOLDER_PATH}/leveldb.framework",
				"${TARGET_BUILD_DIR}/${FRAMEWORKS_FOLDER_PATH}/nanopb.framework",
			);
			runOnlyForDeploymentPostprocessing = 0;
			shellPath = /bin/sh;
			shellScript = "\"${PODS_ROOT}/Target Support Files/Pods-YogaFit/Pods-YogaFit-frameworks.sh\"\n";
			showEnvVarsInLog = 0;
		};
		92BA78A5CC81089261D0C825 /* [CP] Check Pods Manifest.lock */ = {
			isa = PBXShellScriptBuildPhase;
			buildActionMask = 12;
			files = (
			);
			inputPaths = (
				"${PODS_PODFILE_DIR_PATH}/Podfile.lock",
				"${PODS_ROOT}/Manifest.lock",
			);
			name = "[CP] Check Pods Manifest.lock";
			outputPaths = (
				"$(DERIVED_FILE_DIR)/Pods-YogaFit-checkManifestLockResult.txt",
			);
			runOnlyForDeploymentPostprocessing = 0;
			shellPath = /bin/sh;
			shellScript = "diff \"${PODS_PODFILE_DIR_PATH}/Podfile.lock\" \"${PODS_ROOT}/Manifest.lock\" > /dev/null\nif [ $? != 0 ] ; then\n    # print error to STDERR\n    echo \"error: The sandbox is not in sync with the Podfile.lock. Run 'pod install' or update your CocoaPods installation.\" >&2\n    exit 1\nfi\n# This output is used by Xcode 'outputs' to avoid re-running this script phase.\necho \"SUCCESS\" > \"${SCRIPT_OUTPUT_FILE_0}\"\n";
			showEnvVarsInLog = 0;
		};
/* End PBXShellScriptBuildPhase section */

/* Begin PBXSourcesBuildPhase section */
		44C57BF120B8DE8700DB82D7 /* Sources */ = {
			isa = PBXSourcesBuildPhase;
			buildActionMask = 2147483647;
			files = (
				4497E5EE20F4664C00639101 /* ProfileTableView.swift in Sources */,
				44FEB36C20CB434600752B79 /* AnnotationPin.swift in Sources */,
				441F41AE20EEC2D4008054E1 /* CircularTransition.swift in Sources */,
				44C57C1320B8F00A00DB82D7 /* RegisterController.swift in Sources */,
				4490DB8F21F92B3A006112F2 /* CheckInternet.swift in Sources */,
				44C2F39C22F0631200ABF6F9 /* FirstRegisterController.swift in Sources */,
				4482503622F3FC1300D7B00E /* ProfileViewController.swift in Sources */,
				441F41A820EDBA32008054E1 /* CustomMKPinAnnotationView.swift in Sources */,
				44D5C2DB21FFA26E008B3FF1 /* NewTableViewCell.swift in Sources */,
				44C57C1120B8EFD800DB82D7 /* Extension.swift in Sources */,
				4497E5F020F4671F00639101 /* TableViewCellForObserveMsg.swift in Sources */,
				4439F26A21B24049007D8032 /* EditProfileViewController.swift in Sources */,
				44C57BF920B8DE8700DB82D7 /* AppDelegate.swift in Sources */,
				44FEB36A20CB3D6A00752B79 /* Point.swift in Sources */,
				44D5C2DD21FFA473008B3FF1 /* NewProfileTableViewVC.swift in Sources */,
				441F41B020EEC68C008054E1 /* MessagesTableVC.swift in Sources */,
				44FEB36820CB378100752B79 /* DashboardController.swift in Sources */,
				4497E5EB20F464E800639101 /* Message.swift in Sources */,
				4477D36D22017E3B0028A8F2 /* ChatLogController.swift in Sources */,
				4497E5F420F46CD500639101 /* ChatLogControllerCell.swift in Sources */,
				44A6505C21EC7399009385E1 /* CardViewController.swift in Sources */,
				4497E5F220F46C8600639101 /* ChatLogControllerProgrammatically.swift in Sources */,
				44C57C0D20B8E92E00DB82D7 /* LoginController.swift in Sources */,
				4497E5E820F4522B00639101 /* User.swift in Sources */,
			);
			runOnlyForDeploymentPostprocessing = 0;
		};
/* End PBXSourcesBuildPhase section */

/* Begin PBXVariantGroup section */
		44C57BFC20B8DE8700DB82D7 /* Main.storyboard */ = {
			isa = PBXVariantGroup;
			children = (
				44C57BFD20B8DE8700DB82D7 /* Base */,
			);
			name = Main.storyboard;
			sourceTree = "<group>";
		};
		44C57C0120B8DE8700DB82D7 /* LaunchScreen.storyboard */ = {
			isa = PBXVariantGroup;
			children = (
				44C57C0220B8DE8700DB82D7 /* Base */,
			);
			name = LaunchScreen.storyboard;
			sourceTree = "<group>";
		};
/* End PBXVariantGroup section */

/* Begin XCBuildConfiguration section */
		44C57C0520B8DE8700DB82D7 /* Debug */ = {
			isa = XCBuildConfiguration;
			buildSettings = {
				ALWAYS_SEARCH_USER_PATHS = NO;
				CLANG_ANALYZER_NONNULL = YES;
				CLANG_ANALYZER_NUMBER_OBJECT_CONVERSION = YES_AGGRESSIVE;
				CLANG_CXX_LANGUAGE_STANDARD = "gnu++14";
				CLANG_CXX_LIBRARY = "libc++";
				CLANG_ENABLE_MODULES = YES;
				CLANG_ENABLE_OBJC_ARC = YES;
				CLANG_WARN_BLOCK_CAPTURE_AUTORELEASING = YES;
				CLANG_WARN_BOOL_CONVERSION = YES;
				CLANG_WARN_COMMA = YES;
				CLANG_WARN_CONSTANT_CONVERSION = YES;
				CLANG_WARN_DEPRECATED_OBJC_IMPLEMENTATIONS = YES;
				CLANG_WARN_DIRECT_OBJC_ISA_USAGE = YES_ERROR;
				CLANG_WARN_DOCUMENTATION_COMMENTS = YES;
				CLANG_WARN_EMPTY_BODY = YES;
				CLANG_WARN_ENUM_CONVERSION = YES;
				CLANG_WARN_INFINITE_RECURSION = YES;
				CLANG_WARN_INT_CONVERSION = YES;
				CLANG_WARN_NON_LITERAL_NULL_CONVERSION = YES;
				CLANG_WARN_OBJC_IMPLICIT_RETAIN_SELF = YES;
				CLANG_WARN_OBJC_LITERAL_CONVERSION = YES;
				CLANG_WARN_OBJC_ROOT_CLASS = YES_ERROR;
				CLANG_WARN_RANGE_LOOP_ANALYSIS = YES;
				CLANG_WARN_STRICT_PROTOTYPES = YES;
				CLANG_WARN_SUSPICIOUS_MOVE = YES;
				CLANG_WARN_UNGUARDED_AVAILABILITY = YES_AGGRESSIVE;
				CLANG_WARN_UNREACHABLE_CODE = YES;
				CLANG_WARN__DUPLICATE_METHOD_MATCH = YES;
				CODE_SIGN_IDENTITY = "iPhone Developer";
				COPY_PHASE_STRIP = NO;
				DEBUG_INFORMATION_FORMAT = dwarf;
				ENABLE_STRICT_OBJC_MSGSEND = YES;
				ENABLE_TESTABILITY = YES;
				GCC_C_LANGUAGE_STANDARD = gnu11;
				GCC_DYNAMIC_NO_PIC = NO;
				GCC_NO_COMMON_BLOCKS = YES;
				GCC_OPTIMIZATION_LEVEL = 0;
				GCC_PREPROCESSOR_DEFINITIONS = (
					"DEBUG=1",
					"$(inherited)",
				);
				GCC_WARN_64_TO_32_BIT_CONVERSION = YES;
				GCC_WARN_ABOUT_RETURN_TYPE = YES_ERROR;
				GCC_WARN_UNDECLARED_SELECTOR = YES;
				GCC_WARN_UNINITIALIZED_AUTOS = YES_AGGRESSIVE;
				GCC_WARN_UNUSED_FUNCTION = YES;
				GCC_WARN_UNUSED_VARIABLE = YES;
				IPHONEOS_DEPLOYMENT_TARGET = 11.2;
				MTL_ENABLE_DEBUG_INFO = YES;
				ONLY_ACTIVE_ARCH = YES;
				SDKROOT = iphoneos;
				SWIFT_ACTIVE_COMPILATION_CONDITIONS = DEBUG;
				SWIFT_OPTIMIZATION_LEVEL = "-Onone";
			};
			name = Debug;
		};
		44C57C0620B8DE8700DB82D7 /* Release */ = {
			isa = XCBuildConfiguration;
			buildSettings = {
				ALWAYS_SEARCH_USER_PATHS = NO;
				CLANG_ANALYZER_NONNULL = YES;
				CLANG_ANALYZER_NUMBER_OBJECT_CONVERSION = YES_AGGRESSIVE;
				CLANG_CXX_LANGUAGE_STANDARD = "gnu++14";
				CLANG_CXX_LIBRARY = "libc++";
				CLANG_ENABLE_MODULES = YES;
				CLANG_ENABLE_OBJC_ARC = YES;
				CLANG_WARN_BLOCK_CAPTURE_AUTORELEASING = YES;
				CLANG_WARN_BOOL_CONVERSION = YES;
				CLANG_WARN_COMMA = YES;
				CLANG_WARN_CONSTANT_CONVERSION = YES;
				CLANG_WARN_DEPRECATED_OBJC_IMPLEMENTATIONS = YES;
				CLANG_WARN_DIRECT_OBJC_ISA_USAGE = YES_ERROR;
				CLANG_WARN_DOCUMENTATION_COMMENTS = YES;
				CLANG_WARN_EMPTY_BODY = YES;
				CLANG_WARN_ENUM_CONVERSION = YES;
				CLANG_WARN_INFINITE_RECURSION = YES;
				CLANG_WARN_INT_CONVERSION = YES;
				CLANG_WARN_NON_LITERAL_NULL_CONVERSION = YES;
				CLANG_WARN_OBJC_IMPLICIT_RETAIN_SELF = YES;
				CLANG_WARN_OBJC_LITERAL_CONVERSION = YES;
				CLANG_WARN_OBJC_ROOT_CLASS = YES_ERROR;
				CLANG_WARN_RANGE_LOOP_ANALYSIS = YES;
				CLANG_WARN_STRICT_PROTOTYPES = YES;
				CLANG_WARN_SUSPICIOUS_MOVE = YES;
				CLANG_WARN_UNGUARDED_AVAILABILITY = YES_AGGRESSIVE;
				CLANG_WARN_UNREACHABLE_CODE = YES;
				CLANG_WARN__DUPLICATE_METHOD_MATCH = YES;
				CODE_SIGN_IDENTITY = "iPhone Developer";
				COPY_PHASE_STRIP = NO;
				DEBUG_INFORMATION_FORMAT = "dwarf-with-dsym";
				ENABLE_NS_ASSERTIONS = NO;
				ENABLE_STRICT_OBJC_MSGSEND = YES;
				GCC_C_LANGUAGE_STANDARD = gnu11;
				GCC_NO_COMMON_BLOCKS = YES;
				GCC_WARN_64_TO_32_BIT_CONVERSION = YES;
				GCC_WARN_ABOUT_RETURN_TYPE = YES_ERROR;
				GCC_WARN_UNDECLARED_SELECTOR = YES;
				GCC_WARN_UNINITIALIZED_AUTOS = YES_AGGRESSIVE;
				GCC_WARN_UNUSED_FUNCTION = YES;
				GCC_WARN_UNUSED_VARIABLE = YES;
				IPHONEOS_DEPLOYMENT_TARGET = 11.2;
				MTL_ENABLE_DEBUG_INFO = NO;
				SDKROOT = iphoneos;
				SWIFT_OPTIMIZATION_LEVEL = "-Owholemodule";
				VALIDATE_PRODUCT = YES;
			};
			name = Release;
		};
		44C57C0820B8DE8700DB82D7 /* Debug */ = {
			isa = XCBuildConfiguration;
			baseConfigurationReference = 12C2B966AAB29227879C052A /* Pods-YogaFit.debug.xcconfig */;
			buildSettings = {
				ASSETCATALOG_COMPILER_APPICON_NAME = AppIcon;
				ASSETCATALOG_COMPILER_LAUNCHIMAGE_NAME = LaunchImage;
				CODE_SIGN_ENTITLEMENTS = YogaFit/YogaFit.entitlements;
				CODE_SIGN_IDENTITY = "iPhone Developer";
				CODE_SIGN_STYLE = Automatic;
				DEVELOPMENT_TEAM = PYXQK42C65;
				INFOPLIST_FILE = YogaFit/Info.plist;
				IPHONEOS_DEPLOYMENT_TARGET = 11.0;
				LD_RUNPATH_SEARCH_PATHS = "$(inherited) @executable_path/Frameworks";
				PRODUCT_BUNDLE_IDENTIFIER = com.yauhenzhloba.yogafit;
				PRODUCT_NAME = "$(TARGET_NAME)";
				PROVISIONING_PROFILE_SPECIFIER = "";
				SWIFT_VERSION = 4.0;
				TARGETED_DEVICE_FAMILY = 1;
			};
			name = Debug;
		};
		44C57C0920B8DE8700DB82D7 /* Release */ = {
			isa = XCBuildConfiguration;
			baseConfigurationReference = 7C734E04098CE31E729D20BC /* Pods-YogaFit.release.xcconfig */;
			buildSettings = {
				ASSETCATALOG_COMPILER_APPICON_NAME = AppIcon;
				ASSETCATALOG_COMPILER_LAUNCHIMAGE_NAME = LaunchImage;
				CODE_SIGN_ENTITLEMENTS = YogaFit/YogaFit.entitlements;
				CODE_SIGN_IDENTITY = "iPhone Developer";
				CODE_SIGN_STYLE = Automatic;
				DEVELOPMENT_TEAM = PYXQK42C65;
				INFOPLIST_FILE = YogaFit/Info.plist;
				IPHONEOS_DEPLOYMENT_TARGET = 11.0;
				LD_RUNPATH_SEARCH_PATHS = "$(inherited) @executable_path/Frameworks";
				PRODUCT_BUNDLE_IDENTIFIER = com.yauhenzhloba.yogafit;
				PRODUCT_NAME = "$(TARGET_NAME)";
				PROVISIONING_PROFILE_SPECIFIER = "";
				SWIFT_VERSION = 4.0;
				TARGETED_DEVICE_FAMILY = 1;
			};
			name = Release;
		};
/* End XCBuildConfiguration section */

/* Begin XCConfigurationList section */
		44C57BF020B8DE8700DB82D7 /* Build configuration list for PBXProject "YogaFit" */ = {
			isa = XCConfigurationList;
			buildConfigurations = (
				44C57C0520B8DE8700DB82D7 /* Debug */,
				44C57C0620B8DE8700DB82D7 /* Release */,
			);
			defaultConfigurationIsVisible = 0;
			defaultConfigurationName = Release;
		};
		44C57C0720B8DE8700DB82D7 /* Build configuration list for PBXNativeTarget "YogaFit" */ = {
			isa = XCConfigurationList;
			buildConfigurations = (
				44C57C0820B8DE8700DB82D7 /* Debug */,
				44C57C0920B8DE8700DB82D7 /* Release */,
			);
			defaultConfigurationIsVisible = 0;
			defaultConfigurationName = Release;
		};
/* End XCConfigurationList section */
	};
	rootObject = 44C57BED20B8DE8700DB82D7 /* Project object */;
}
